
Microsoft Visual Studio Solution File, Format Version 12.00
# Visual Studio 15
VisualStudioVersion = 15.0.28010.2026
MinimumVisualStudioVersion = 10.0.40219.1
Project("{FAE04EC0-301F-11D3-BF4B-00C04F79EFBC}") = "MsSqlTest", "MsSqlTest\MsSqlTest.csproj", "{66C38AB8-324B-4CB9-806A-0D3AC711D9AA}"
EndProject
Project("{FAE04EC0-301F-11D3-BF4B-00C04F79EFBC}") = "MySqlTest", "MySqlTest\MySqlTest.csproj", "{00F11E49-73AD-4FCD-8A63-D84F659282DD}"
EndProject
Global
	GlobalSection(SolutionConfigurationPlatforms) = preSolution
		Debug|Any CPU = Debug|Any CPU
		Release|Any CPU = Release|Any CPU
	EndGlobalSection
	GlobalSection(ProjectConfigurationPlatforms) = postSolution
		{66C38AB8-324B-4CB9-806A-0D3AC711D9AA}.Debug|Any CPU.ActiveCfg = Debug|Any CPU
		{66C38AB8-324B-4CB9-806A-0D3AC711D9AA}.Debug|Any CPU.Build.0 = Debug|Any CPU
		{66C38AB8-324B-4CB9-806A-0D3AC711D9AA}.Release|Any CPU.ActiveCfg = Release|Any CPU
		{66C38AB8-324B-4CB9-806A-0D3AC711D9AA}.Release|Any CPU.Build.0 = Release|Any CPU
		{00F11E49-73AD-4FCD-8A63-D84F659282DD}.Debug|Any CPU.ActiveCfg = Debug|Any CPU
		{00F11E49-73AD-4FCD-8A63-D84F659282DD}.Debug|Any CPU.Build.0 = Debug|Any CPU
		{00F11E49-73AD-4FCD-8A63-D84F659282DD}.Release|Any CPU.ActiveCfg = Release|Any CPU
		{00F11E49-73AD-4FCD-8A63-D84F659282DD}.Release|Any CPU.Build.0 = Release|Any CPU
	EndGlobalSection
	GlobalSection(SolutionProperties) = preSolution
		HideSolutionNode = FALSE
	EndGlobalSection
	GlobalSection(ExtensibilityGlobals) = postSolution
		SolutionGuid = {BB993396-7099-4EDC-8444-3754FE56A46B}
	EndGlobalSection
EndGlobal
