
Microsoft Visual Studio Solution File, Format Version 12.00
# Visual Studio 15
VisualStudioVersion = 15.0.28010.2026
MinimumVisualStudioVersion = 10.0.40219.1
Project("{FAE04EC0-301F-11D3-BF4B-00C04F79EFBC}") = "AccessCore", "AccessCore\AccessCore.csproj", "{644A2C0E-36D8-4F68-A3CF-E7A8C6C501F4}"
EndProject
Global
	GlobalSection(SolutionConfigurationPlatforms) = preSolution
		Debug|Any CPU = Debug|Any CPU
		Release|Any CPU = Release|Any CPU
	EndGlobalSection
	GlobalSection(ProjectConfigurationPlatforms) = postSolution
		{644A2C0E-36D8-4F68-A3CF-E7A8C6C501F4}.Debug|Any CPU.ActiveCfg = Debug|Any CPU
		{644A2C0E-36D8-4F68-A3CF-E7A8C6C501F4}.Debug|Any CPU.Build.0 = Debug|Any CPU
		{644A2C0E-36D8-4F68-A3CF-E7A8C6C501F4}.Release|Any CPU.ActiveCfg = Release|Any CPU
		{644A2C0E-36D8-4F68-A3CF-E7A8C6C501F4}.Release|Any CPU.Build.0 = Release|Any CPU
	EndGlobalSection
	GlobalSection(SolutionProperties) = preSolution
		HideSolutionNode = FALSE
	EndGlobalSection
	GlobalSection(ExtensibilityGlobals) = postSolution
		SolutionGuid = {81110E8A-BCA5-42F7-A232-917A8BEE7BE0}
	EndGlobalSection
EndGlobal
